
Microsoft Visual Studio Solution File, Format Version 12.00
# Visual Studio Version 17
VisualStudioVersion = 17.6.33815.320
MinimumVisualStudioVersion = 10.0.40219.1
Project("{FAE04EC0-301F-11D3-BF4B-00C04F79EFBC}") = "Deber2Michelle", "Deber2Michelle\Deber2Michelle.csproj", "{3E9207B7-8B5B-4442-855E-115BED17D2EC}"
EndProject
Global
	GlobalSection(SolutionConfigurationPlatforms) = preSolution
		Debug|Any CPU = Debug|Any CPU
		Release|Any CPU = Release|Any CPU
	EndGlobalSection
	GlobalSection(ProjectConfigurationPlatforms) = postSolution
		{3E9207B7-8B5B-4442-855E-115BED17D2EC}.Debug|Any CPU.ActiveCfg = Debug|Any CPU
		{3E9207B7-8B5B-4442-855E-115BED17D2EC}.Debug|Any CPU.Build.0 = Debug|Any CPU
		{3E9207B7-8B5B-4442-855E-115BED17D2EC}.Release|Any CPU.ActiveCfg = Release|Any CPU
		{3E9207B7-8B5B-4442-855E-115BED17D2EC}.Release|Any CPU.Build.0 = Release|Any CPU
	EndGlobalSection
	GlobalSection(SolutionProperties) = preSolution
		HideSolutionNode = FALSE
	EndGlobalSection
	GlobalSection(ExtensibilityGlobals) = postSolution
		SolutionGuid = {9351E1DC-5028-41BE-A9EE-631D6E755C7D}
	EndGlobalSection
EndGlobal
